
Microsoft Visual Studio Solution File, Format Version 12.00
# Visual Studio Version 17
VisualStudioVersion = 17.9.34723.18
MinimumVisualStudioVersion = 10.0.40219.1
Project("{FAE04EC0-301F-11D3-BF4B-00C04F79EFBC}") = "Maui_ImageShow_FlickeringIssue", "Maui_ImageShow_FlickeringIssue\Maui_ImageShow_FlickeringIssue.csproj", "{368B9DD9-3875-4928-ABBF-BA41CCE2AE53}"
EndProject
Global
	GlobalSection(SolutionConfigurationPlatforms) = preSolution
		Debug|Any CPU = Debug|Any CPU
		Release|Any CPU = Release|Any CPU
	EndGlobalSection
	GlobalSection(ProjectConfigurationPlatforms) = postSolution
		{368B9DD9-3875-4928-ABBF-BA41CCE2AE53}.Debug|Any CPU.ActiveCfg = Debug|Any CPU
		{368B9DD9-3875-4928-ABBF-BA41CCE2AE53}.Debug|Any CPU.Build.0 = Debug|Any CPU
		{368B9DD9-3875-4928-ABBF-BA41CCE2AE53}.Debug|Any CPU.Deploy.0 = Debug|Any CPU
		{368B9DD9-3875-4928-ABBF-BA41CCE2AE53}.Release|Any CPU.ActiveCfg = Release|Any CPU
		{368B9DD9-3875-4928-ABBF-BA41CCE2AE53}.Release|Any CPU.Build.0 = Release|Any CPU
		{368B9DD9-3875-4928-ABBF-BA41CCE2AE53}.Release|Any CPU.Deploy.0 = Release|Any CPU
	EndGlobalSection
	GlobalSection(SolutionProperties) = preSolution
		HideSolutionNode = FALSE
	EndGlobalSection
	GlobalSection(ExtensibilityGlobals) = postSolution
		SolutionGuid = {6A012938-57CE-48BA-8800-CBC1DE5D5191}
	EndGlobalSection
EndGlobal
